{
  "name": "connector",
  "version": "0.3.0",
  "lockfileVersion": 1,
  "requires": true,
  "dependencies": {
    "sdp": {
      "version": "2.7.0",
      "resolved": "https://registry.npmjs.org/sdp/-/sdp-2.7.0.tgz",
      "integrity": "sha512-H/r89sRrnrJULbMzHLhC/LwQiMHu4GeItj6X3p7a6ADngGDnJXFIu2baTO6sjPBxMG+vtmlkUj7qwMccNzgk1w==",
      "dev": true
    },
    "service-framework": {
      "version": "github:rethink-project/dev-service-framework#f76c551eb9ccbc7c08e96f3b37309bd4df256492"
    },
    "webrtc-adapter": {
      "version": "4.2.2",
      "resolved": "https://registry.npmjs.org/webrtc-adapter/-/webrtc-adapter-4.2.2.tgz",
      "integrity": "sha1-F4lsBHCE/UxWeVigzUMh4X8ydzw=",
      "dev": true,
      "requires": {
        "sdp": "2.7.0"
      }
    }
  }
}
