{
  "name": "connector",
  "version": "0.3.0",
  "lockfileVersion": 1,
  "requires": true,
  "dependencies": {
    "sdp": {
      "version": "2.5.0",
      "resolved": "https://registry.npmjs.org/sdp/-/sdp-2.5.0.tgz",
      "integrity": "sha512-4HT7gdxA+AZHl5LDdiLpagFKBS5qAKFYE71CPSNrr+2dCFg9iKXY4JSIhHKZHVnwJAzZ/4jA+z1nam4U+LoYug==",
      "dev": true
    },
    "service-framework": {
      "version": "github:rethink-project/dev-service-framework#a4a893f585cc16064157db4bc9d91c3bc47285ef"
    },
    "webrtc-adapter": {
      "version": "4.2.2",
      "resolved": "https://registry.npmjs.org/webrtc-adapter/-/webrtc-adapter-4.2.2.tgz",
      "integrity": "sha1-F4lsBHCE/UxWeVigzUMh4X8ydzw=",
      "dev": true,
      "requires": {
        "sdp": "2.5.0"
      }
    }
  }
}
