{
  "name": "group-chat-manager",
  "version": "0.4.1",
  "lockfileVersion": 1,
  "requires": true,
  "dependencies": {
    "loglevel": {
      "version": "1.6.1",
      "resolved": "https://registry.npmjs.org/loglevel/-/loglevel-1.6.1.tgz",
      "integrity": "sha1-4PyVEztu8nbNyIh82vJKpvFW+Po="
    },
    "runtime-core": {
      "version": "github:rethink-project/dev-runtime-core#2cc0078e31bf1f9cde6f7a5d4ded359049ceaadc",
      "from": "github:rethink-project/dev-runtime-core#framework2core",
      "requires": {
        "loglevel": "^1.5.1",
        "service-framework": "github:rethink-project/dev-service-framework#b3d5267a638b085d8b2bc9bd5f3887c894b436c4"
      }
    },
    "service-framework": {
      "version": "github:rethink-project/dev-service-framework#b3d5267a638b085d8b2bc9bd5f3887c894b436c4",
      "from": "github:rethink-project/dev-service-framework#develop"
    }
  }
}
