{
  "name": "Wallet",
  "version": "0.4.0",
  "lockfileVersion": 1,
  "requires": true,
  "dependencies": {
    "bootstrap": {
      "version": "4.1.2",
      "resolved": "https://registry.npmjs.org/bootstrap/-/bootstrap-4.1.2.tgz",
      "integrity": "sha512-3bP609EdMc/8EwgGp8KgpN8HwnR4V4lZ9CTi5pImMrXNxpkw7dK1B05aMwQWpG1ZWmTLlBSN/uzkuz5GsmQNFA=="
    },
    "service-framework": {
      "version": "github:rethink-project/dev-service-framework#96ee5d4e441cd12dd2d5cb9c7ae0d14a6bc855df",
      "from": "github:rethink-project/dev-service-framework#develop"
    },
    "urijs": {
      "version": "1.19.1",
      "resolved": "https://registry.npmjs.org/urijs/-/urijs-1.19.1.tgz",
      "integrity": "sha512-xVrGVi94ueCJNrBSTjWqjvtgvl3cyOTThp2zaMaFNGp3F542TR6sM3f2o8RqZl+AwteClSVmoCyt0ka4RjQOQg==",
      "dev": true
    }
  }
}
