{
  "name": "node-hyperty",
  "version": "0.4.1",
  "lockfileVersion": 1,
  "requires": true,
  "dependencies": {
    "service-framework": {
      "version": "github:rethink-project/dev-service-framework#b3d5267a638b085d8b2bc9bd5f3887c894b436c4",
      "from": "github:rethink-project/dev-service-framework#develop"
    }
  }
}
