{
  "name": "dtwebrtc",
  "version": "0.3.0",
  "lockfileVersion": 1,
  "requires": true,
  "dependencies": {
    "service-framework": {
      "version": "github:rethink-project/dev-service-framework#f76c551eb9ccbc7c08e96f3b37309bd4df256492"
    },
    "webrtc-adapter-test": {
      "version": "0.2.10",
      "resolved": "https://registry.npmjs.org/webrtc-adapter-test/-/webrtc-adapter-test-0.2.10.tgz",
      "integrity": "sha1-o7GXdye/mHIK2HzXqUIkd+W5ttU="
    }
  }
}
