{
  "name": "dtwebrtc",
  "version": "1.0.0",
  "lockfileVersion": 1,
  "requires": true,
  "dependencies": {
    "service-framework": {
      "version": "github:rethink-project/dev-service-framework#b090d1899c72d11b49b79484f3742765413d6696"
    },
    "webrtc-adapter-test": {
      "version": "0.2.10",
      "resolved": "https://registry.npmjs.org/webrtc-adapter-test/-/webrtc-adapter-test-0.2.10.tgz",
      "integrity": "sha1-o7GXdye/mHIK2HzXqUIkd+W5ttU="
    }
  }
}
