{
  "name": "dtwebrtc",
  "version": "0.4.1",
  "lockfileVersion": 1,
  "requires": true,
  "dependencies": {
    "webrtc-adapter-test": {
      "version": "0.2.10",
      "resolved": "https://registry.npmjs.org/webrtc-adapter-test/-/webrtc-adapter-test-0.2.10.tgz",
      "integrity": "sha1-o7GXdye/mHIK2HzXqUIkd+W5ttU="
    }
  }
}
